
Microsoft Visual Studio Solution File, Format Version 12.00
# Visual Studio 2013
VisualStudioVersion = 12.0.21005.1
MinimumVisualStudioVersion = 10.0.40219.1
Project("{8BC9CEB8-8B4A-11D0-8D11-00A0C91BC942}") = "CCrypto", "CCrypto\CCrypto.vcxproj", "{F6B8A03D-41CD-499B-8155-75FF01AE9C09}"
EndProject
Project("{8BC9CEB8-8B4A-11D0-8D11-00A0C91BC942}") = "KeyGen", "KeyGen\KeyGen.vcxproj", "{5F3DEA99-7731-4C52-8A68-D067EC5FE739}"
EndProject
Project("{8BC9CEB8-8B4A-11D0-8D11-00A0C91BC942}") = "Test", "Test\Test.vcxproj", "{47653BCF-4CFA-4D05-ACEC-312F685CCA0C}"
EndProject
Global
	GlobalSection(SolutionConfigurationPlatforms) = preSolution
		Debug|Win32 = Debug|Win32
		Release|Win32 = Release|Win32
	EndGlobalSection
	GlobalSection(ProjectConfigurationPlatforms) = postSolution
		{F6B8A03D-41CD-499B-8155-75FF01AE9C09}.Debug|Win32.ActiveCfg = Debug|Win32
		{F6B8A03D-41CD-499B-8155-75FF01AE9C09}.Debug|Win32.Build.0 = Debug|Win32
		{F6B8A03D-41CD-499B-8155-75FF01AE9C09}.Release|Win32.ActiveCfg = Release|Win32
		{F6B8A03D-41CD-499B-8155-75FF01AE9C09}.Release|Win32.Build.0 = Release|Win32
		{5F3DEA99-7731-4C52-8A68-D067EC5FE739}.Debug|Win32.ActiveCfg = Debug|Win32
		{5F3DEA99-7731-4C52-8A68-D067EC5FE739}.Debug|Win32.Build.0 = Debug|Win32
		{5F3DEA99-7731-4C52-8A68-D067EC5FE739}.Release|Win32.ActiveCfg = Release|Win32
		{5F3DEA99-7731-4C52-8A68-D067EC5FE739}.Release|Win32.Build.0 = Release|Win32
		{47653BCF-4CFA-4D05-ACEC-312F685CCA0C}.Debug|Win32.ActiveCfg = Debug|Win32
		{47653BCF-4CFA-4D05-ACEC-312F685CCA0C}.Debug|Win32.Build.0 = Debug|Win32
		{47653BCF-4CFA-4D05-ACEC-312F685CCA0C}.Release|Win32.ActiveCfg = Release|Win32
		{47653BCF-4CFA-4D05-ACEC-312F685CCA0C}.Release|Win32.Build.0 = Release|Win32
	EndGlobalSection
	GlobalSection(SolutionProperties) = preSolution
		HideSolutionNode = FALSE
	EndGlobalSection
EndGlobal
